{
    "_meta": {
        "hash": {
            "sha256": "2999db5041d4402ab6dac0842e2a89189f072b514b81a1f1d10969c3f461e51f"
        },
        "pipfile-spec": 6,
        "requires": {
            "python_version": "3.9"
        },
        "sources": [
            {
                "name": "pypi",
                "url": "https://pypi.org/simple",
                "verify_ssl": true
            }
        ]
    },
    "default": {
        "exceptiongroup": {
            "hashes": [
                "sha256:3111b9d131c238bec2f8f516e123e14ba243563fb135d3fe885990585aa7795b",
                "sha256:47c2edf7c6738fafb49fd34290706d1a1a2f4d1c6df275526b62cbb4aa5393cc"
            ],
            "markers": "python_version < '3.11'",
            "version": "==1.2.2"
        },
        "iniconfig": {
            "hashes": [
                "sha256:2d91e135bf72d31a410b17c16da610a82cb55f6b0477d1a902134b24a455b8b3",
                "sha256:b6a85871a79d2e3b22d2d1b94ac2824226a63c6b741c88f7ae975f18b6778374"
            ],
            "markers": "python_version >= '3.7'",
            "version": "==2.0.0"
        },
        "mpy-cross-v5": {
            "hashes": [
                "sha256:121c22ba2fef5549ceb0640d046c0606857d83cf93aa1bda8084fee8366aa148",
                "sha256:50797bd49e675d262d44816c407f8c8074b4d4304ff9b8dd7aec35f3210b29ce",
                "sha256:6fbc3f256726ce01f0621b1b964097dcc6efc9eabb205f413773a3066d5be277",
                "sha256:6ffdf89264177ad38dcf91bc35dae4c3f4fc1c1f6db52c39401e23b618319560",
                "sha256:8d6de29ffd19c9c0644ff37aa05e983ca560981ce020cbd71c23b55b72b57c02",
                "sha256:a3d9c151318c5c4d298fb477497b15ccb2bcde4f0d7e32a7b02179482429a52e",
                "sha256:b53afef10e315dbe85a294d932e9af4638abc95e10d0feeaab44119e25c627d2",
                "sha256:bc003357bdc69912a0affa2bb87cefe531bcdcd21e1646f939a4773d6801b435",
                "sha256:ff39973757c5320f6b8847092c27b6a101d968886f95cc0ae8287cea3589764b"
            ],
            "index": "pypi",
            "version": "==1.0.2"
        },
        "packaging": {
            "hashes": [
                "sha256:026ed72c8ed3fcce5bf8950572258698927fd1dbda10a5e981cdf0ac37f4f002",
                "sha256:5b8f2217dbdbd2f7f384c41c628544e6d52f2d0f53c6d0c3ea61aa5d1d7ff124"
            ],
            "markers": "python_version >= '3.8'",
            "version": "==24.1"
        },
        "pluggy": {
            "hashes": [
                "sha256:2cffa88e94fdc978c4c574f15f9e59b7f4201d439195c3715ca9e2486f1d0cf1",
                "sha256:44e1ad92c8ca002de6377e165f3e0f1be63266ab4d554740532335b9d75ea669"
            ],
            "markers": "python_version >= '3.8'",
            "version": "==1.5.0"
        },
        "pyserial": {
            "hashes": [
                "sha256:3c77e014170dfffbd816e6ffc205e9842efb10be9f58ec16d3e8675b4925cddb",
                "sha256:c4451db6ba391ca6ca299fb3ec7bae67a5c55dde170964c7a14ceefec02f2cf0"
            ],
            "version": "==3.5"
        },
        "pytest": {
            "hashes": [
                "sha256:70b98107bd648308a7952b06e6ca9a50bc660be218d53c257cc1fc94fda10181",
                "sha256:a6853c7375b2663155079443d2e45de913a911a11d669df02a50814944db57b2"
            ],
            "index": "pypi",
            "markers": "python_version >= '3.8'",
            "version": "==8.3.3"
        },
        "pyudev": {
            "hashes": [
                "sha256:2e945427a21674893bb97632401db62139d91cea1ee96137cc7b07ad22198fc7",
                "sha256:e8246f0a014fe370119ba2bc781bfbe62c0298d0d6b39c94e83102a8a3f56960"
            ],
            "markers": "python_version >= '3.7'",
            "version": "==0.24.3"
        },
        "rshell": {
            "hashes": [
                "sha256:c83e05e316691da203e5a5d9e6d6c2641db86bff85b72a1b980395e4638930c5"
            ],
            "index": "pypi",
            "version": "==0.0.33"
        },
        "tomli": {
            "hashes": [
                "sha256:2ebe24485c53d303f690b0ec092806a085f07af5a5aa1464f3931eec36caaa38",
                "sha256:d46d457a85337051c36524bc5349dd91b1877838e2979ac5ced3e710ed8a60ed"
            ],
            "markers": "python_version < '3.11'",
            "version": "==2.0.2"
        }
    },
    "develop": {}
}
